<?xml version="1.0" encoding="utf-8"?>
<Project ToolsVersion="4.0" xmlns="http://schemas.microsoft.com/developer/msbuild/2003">
  <ItemGroup>
    <Filter Include="Source Files">
      <UniqueIdentifier>{4FC737F1-C7A5-4376-A066-2A32D752A2FF}</UniqueIdentifier>
      <Extensions>cpp;c;cc;cxx;c++;cppm;ixx;def;odl;idl;hpj;bat;asm;asmx</Extensions>
    </Filter>
    <Filter Include="Header Files">
      <UniqueIdentifier>{93995380-89BD-4b04-88EB-625FBE52EBFB}</UniqueIdentifier>
      <Extensions>h;hh;hpp;hxx;h++;hm;inl;inc;ipp;xsd</Extensions>
    </Filter>
    <Filter Include="Resource Files">
      <UniqueIdentifier>{67DA6AB6-F800-4c08-8B7A-83BB121AAD01}</UniqueIdentifier>
      <Extensions>rc;ico;cur;bmp;dlg;rc2;rct;bin;rgs;gif;jpg;jpeg;jpe;resx;tiff;tif;png;wav;mfcribbon-ms</Extensions>
    </Filter>
  </ItemGroup>
  <ItemGroup>
    <ClInclude Include="src\SDB.h">
      <Filter>Header Files</Filter>
    </ClInclude>
    <ClInclude Include="src\KetMap\KetMap.h">
      <Filter>Header Files</Filter>
    </ClInclude>
    <ClInclude Include="src\FunctionOperatorMap\FunctionOperatorMap.h">
      <Filter>Header Files</Filter>
    </ClInclude>
    <ClInclude Include="src\OperatorUsageMap\OperatorUsageMap.h">
      <Filter>Header Files</Filter>
    </ClInclude>
    <ClInclude Include="src\Function\SplitJoin.h">
      <Filter>Header Files</Filter>
    </ClInclude>
    <ClInclude Include="src\Function\Timer.h">
      <Filter>Header Files</Filter>
    </ClInclude>
    <ClInclude Include="src\Function\misc.h">
      <Filter>Header Files</Filter>
    </ClInclude>
    <ClInclude Include="src\GUI\Interface\AppAbout.h">
      <Filter>Header Files</Filter>
    </ClInclude>
    <ClInclude Include="src\GUI\Interface\DumpFrame.h">
      <Filter>Header Files</Filter>
    </ClInclude>
    <ClInclude Include="src\GUI\Interface\UsageFrame.h">
      <Filter>Header Files</Filter>
    </ClInclude>
    <ClInclude Include="src\GUI\Interface\LinkedTextCtrl.h">
      <Filter>Header Files</Filter>
    </ClInclude>
    <ClInclude Include="src\GUI\Interface\KetMapDialog.h">
      <Filter>Header Files</Filter>
    </ClInclude>
    <ClInclude Include="src\GUI\Interface\SortedListCtrl.h">
      <Filter>Header Files</Filter>
    </ClInclude>
    <ClInclude Include="src\GUI\Interface\SelectFromListDialog.h">
      <Filter>Header Files</Filter>
    </ClInclude>
    <ClInclude Include="src\GUI\Interface\ResultCanvas.h">
      <Filter>Header Files</Filter>
    </ClInclude>
    <ClInclude Include="src\GUI\Interface\CommandPanel.h">
      <Filter>Header Files</Filter>
    </ClInclude>
    <ClInclude Include="src\GUI\Interface\PrimaryFrame.h">
      <Filter>Header Files</Filter>
    </ClInclude>
    <ClInclude Include="src\GUI\Interface\FilteredDumpFrame.h">
      <Filter>Header Files</Filter>
    </ClInclude>
    <ClInclude Include="src\Function\NaturalSort.h">
      <Filter>Header Files</Filter>
    </ClInclude>
    <ClInclude Include="src\CompoundConstant\CompoundConstant.h">
      <Filter>Header Files</Filter>
    </ClInclude>
    <ClInclude Include="src\CompoundConstant\ConstantFloat.h">
      <Filter>Header Files</Filter>
    </ClInclude>
    <ClInclude Include="src\CompoundConstant\ConstantInteger.h">
      <Filter>Header Files</Filter>
    </ClInclude>
    <ClInclude Include="src\CompoundConstant\ConstantOperator.h">
      <Filter>Header Files</Filter>
    </ClInclude>
    <ClInclude Include="src\CompoundConstant\ConstantString.h">
      <Filter>Header Files</Filter>
    </ClInclude>
    <ClInclude Include="src\Context\BoundFunction.h">
      <Filter>Header Files</Filter>
    </ClInclude>
    <ClInclude Include="src\Context\ContextList.h">
      <Filter>Header Files</Filter>
    </ClInclude>
    <ClInclude Include="src\Context\Frame.h">
      <Filter>Header Files</Filter>
    </ClInclude>
    <ClInclude Include="src\Context\NewContext.h">
      <Filter>Header Files</Filter>
    </ClInclude>
    <ClInclude Include="src\Operator\BaseOperator.h">
      <Filter>Header Files</Filter>
    </ClInclude>
    <ClInclude Include="src\Operator\SimpleOperator.h">
      <Filter>Header Files</Filter>
    </ClInclude>
    <ClInclude Include="src\Operator\NumericOperator.h">
      <Filter>Header Files</Filter>
    </ClInclude>
    <ClInclude Include="src\Sequence\BaseSequence.h">
      <Filter>Header Files</Filter>
    </ClInclude>
    <ClInclude Include="src\Sequence\Ket.h">
      <Filter>Header Files</Filter>
    </ClInclude>
    <ClInclude Include="src\Sequence\Superposition.h">
      <Filter>Header Files</Filter>
    </ClInclude>
    <ClInclude Include="src\Sequence\SuperpositionIter.h">
      <Filter>Header Files</Filter>
    </ClInclude>
    <ClInclude Include="src\Sequence\Sequence.h">
      <Filter>Header Files</Filter>
    </ClInclude>
    <ClInclude Include="src\Sequence\SelfKet.h">
      <Filter>Header Files</Filter>
    </ClInclude>
    <ClInclude Include="src\Sequence\OperatorWithSequence.h">
      <Filter>Header Files</Filter>
    </ClInclude>
    <ClInclude Include="src\Sequence\LearnRule.h">
      <Filter>Header Files</Filter>
    </ClInclude>
    <ClInclude Include="src\Sequence\MultiSelfKet.h">
      <Filter>Header Files</Filter>
    </ClInclude>
    <ClInclude Include="src\Sequence\MultiLearnRule.h">
      <Filter>Header Files</Filter>
    </ClInclude>
    <ClInclude Include="src\Operator\OperatorSequence.h">
      <Filter>Header Files</Filter>
    </ClInclude>
    <ClInclude Include="src\Operator\EmptyOperator.h">
      <Filter>Header Files</Filter>
    </ClInclude>
    <ClInclude Include="src\Operator\PoweredOperator.h">
      <Filter>Header Files</Filter>
    </ClInclude>
    <ClInclude Include="src\Operator\CompoundOperator.h">
      <Filter>Header Files</Filter>
    </ClInclude>
    <ClInclude Include="src\Operator\BracketOperator.h">
      <Filter>Header Files</Filter>
    </ClInclude>
  </ItemGroup>
  <ItemGroup>
    <ClCompile Include="src\SDB.cpp">
      <Filter>Source Files</Filter>
    </ClCompile>
    <ClCompile Include="src\KetMap\KetMap.cpp">
      <Filter>Source Files</Filter>
    </ClCompile>
    <ClCompile Include="src\FunctionOperatorMap\FunctionOperatorMap.cpp">
      <Filter>Source Files</Filter>
    </ClCompile>
    <ClCompile Include="src\OperatorUsageMap\OperatorUsageMap.cpp">
      <Filter>Source Files</Filter>
    </ClCompile>
    <ClCompile Include="src\Function\SplitJoin.cpp">
      <Filter>Source Files</Filter>
    </ClCompile>
    <ClCompile Include="src\Function\Timer.cpp">
      <Filter>Source Files</Filter>
    </ClCompile>
    <ClCompile Include="src\Function\misc.cpp">
      <Filter>Source Files</Filter>
    </ClCompile>
    <ClCompile Include="src\GUI\Interface\AppAbout.cpp">
      <Filter>Source Files</Filter>
    </ClCompile>
    <ClCompile Include="src\GUI\Interface\DumpFrame.cpp">
      <Filter>Source Files</Filter>
    </ClCompile>
    <ClCompile Include="src\GUI\Interface\UsageFrame.cpp">
      <Filter>Source Files</Filter>
    </ClCompile>
    <ClCompile Include="src\GUI\Interface\LinkedTextCtrl.cpp">
      <Filter>Source Files</Filter>
    </ClCompile>
    <ClCompile Include="src\GUI\Interface\KetMapDialog.cpp">
      <Filter>Source Files</Filter>
    </ClCompile>
    <ClCompile Include="src\GUI\Interface\SortedListCtrl.cpp">
      <Filter>Source Files</Filter>
    </ClCompile>
    <ClCompile Include="src\GUI\Interface\SelectFromListDialog.cpp">
      <Filter>Source Files</Filter>
    </ClCompile>
    <ClCompile Include="src\GUI\Interface\ResultCanvas.cpp">
      <Filter>Source Files</Filter>
    </ClCompile>
    <ClCompile Include="src\GUI\Interface\CommandPanel.cpp">
      <Filter>Source Files</Filter>
    </ClCompile>
    <ClCompile Include="src\GUI\Interface\PrimaryFrame.cpp">
      <Filter>Source Files</Filter>
    </ClCompile>
    <ClCompile Include="src\GUI\Interface\FilteredDumpFrame.cpp">
      <Filter>Source Files</Filter>
    </ClCompile>
    <ClCompile Include="src\CompoundConstant\CompoundConstant.cpp">
      <Filter>Source Files</Filter>
    </ClCompile>
    <ClCompile Include="src\CompoundConstant\ConstantFloat.cpp">
      <Filter>Source Files</Filter>
    </ClCompile>
    <ClCompile Include="src\CompoundConstant\ConstantInteger.cpp">
      <Filter>Source Files</Filter>
    </ClCompile>
    <ClCompile Include="src\CompoundConstant\ConstantOperator.cpp">
      <Filter>Source Files</Filter>
    </ClCompile>
    <ClCompile Include="src\CompoundConstant\ConstantString.cpp">
      <Filter>Source Files</Filter>
    </ClCompile>
    <ClCompile Include="src\Context\BoundFunction.cpp">
      <Filter>Source Files</Filter>
    </ClCompile>
    <ClCompile Include="src\Context\ContextList.cpp">
      <Filter>Source Files</Filter>
    </ClCompile>
    <ClCompile Include="src\Context\Frame.cpp">
      <Filter>Source Files</Filter>
    </ClCompile>
    <ClCompile Include="src\Context\NewContext.cpp">
      <Filter>Source Files</Filter>
    </ClCompile>
    <ClCompile Include="src\Operator\SimpleOperator.cpp">
      <Filter>Source Files</Filter>
    </ClCompile>
    <ClCompile Include="src\Operator\NumericOperator.cpp">
      <Filter>Source Files</Filter>
    </ClCompile>
    <ClCompile Include="src\Sequence\Ket.cpp">
      <Filter>Source Files</Filter>
    </ClCompile>
    <ClCompile Include="src\Sequence\Superposition.cpp">
      <Filter>Source Files</Filter>
    </ClCompile>
    <ClCompile Include="src\Sequence\SuperpositionIter.cpp">
      <Filter>Source Files</Filter>
    </ClCompile>
    <ClCompile Include="src\Sequence\Sequence.cpp">
      <Filter>Source Files</Filter>
    </ClCompile>
    <ClCompile Include="src\Sequence\SelfKet.cpp">
      <Filter>Source Files</Filter>
    </ClCompile>
    <ClCompile Include="src\Sequence\OperatorWithSequence.cpp">
      <Filter>Source Files</Filter>
    </ClCompile>
    <ClCompile Include="src\Sequence\LearnRule.cpp">
      <Filter>Source Files</Filter>
    </ClCompile>
    <ClCompile Include="src\Sequence\MultiSelfKet.cpp">
      <Filter>Source Files</Filter>
    </ClCompile>
    <ClCompile Include="src\Sequence\MultiLearnRule.cpp">
      <Filter>Source Files</Filter>
    </ClCompile>
    <ClCompile Include="src\Operator\OperatorSequence.cpp">
      <Filter>Source Files</Filter>
    </ClCompile>
    <ClCompile Include="src\Operator\PoweredOperator.cpp">
      <Filter>Source Files</Filter>
    </ClCompile>
    <ClCompile Include="src\Operator\CompoundOperator.cpp">
      <Filter>Source Files</Filter>
    </ClCompile>
    <ClCompile Include="src\Operator\BracketOperator.cpp">
      <Filter>Source Files</Filter>
    </ClCompile>
  </ItemGroup>
</Project>