<?xml version="1.0" encoding="utf-8"?>
<Project ToolsVersion="4.0" xmlns="http://schemas.microsoft.com/developer/msbuild/2003">
  <ItemGroup>
    <Filter Include="Source Files">
      <UniqueIdentifier>{4FC737F1-C7A5-4376-A066-2A32D752A2FF}</UniqueIdentifier>
      <Extensions>cpp;c;cc;cxx;c++;cppm;ixx;def;odl;idl;hpj;bat;asm;asmx</Extensions>
    </Filter>
    <Filter Include="Header Files">
      <UniqueIdentifier>{93995380-89BD-4b04-88EB-625FBE52EBFB}</UniqueIdentifier>
      <Extensions>h;hh;hpp;hxx;h++;hm;inl;inc;ipp;xsd</Extensions>
    </Filter>
    <Filter Include="Resource Files">
      <UniqueIdentifier>{67DA6AB6-F800-4c08-8B7A-83BB121AAD01}</UniqueIdentifier>
      <Extensions>rc;ico;cur;bmp;dlg;rc2;rct;bin;rgs;gif;jpg;jpeg;jpe;resx;tiff;tif;png;wav;mfcribbon-ms</Extensions>
    </Filter>
  </ItemGroup>
  <ItemGroup>
    <ClInclude Include="src\GUI\SDB_GUI.h">
      <Filter>Header Files</Filter>
    </ClInclude>
    <ClInclude Include="src\core\KetMap\KetMap.h">
      <Filter>Header Files</Filter>
    </ClInclude>
    <ClInclude Include="src\core\FunctionOperatorMap\FunctionOperatorMap.h">
      <Filter>Header Files</Filter>
    </ClInclude>
    <ClInclude Include="src\core\OperatorUsageMap\OperatorUsageMap.h">
      <Filter>Header Files</Filter>
    </ClInclude>
    <ClInclude Include="src\core\Function\SplitJoin.h">
      <Filter>Header Files</Filter>
    </ClInclude>
    <ClInclude Include="src\core\Function\Timer.h">
      <Filter>Header Files</Filter>
    </ClInclude>
    <ClInclude Include="src\core\Function\misc.h">
      <Filter>Header Files</Filter>
    </ClInclude>
    <ClInclude Include="src\GUI\Interface\AppAbout.h">
      <Filter>Header Files</Filter>
    </ClInclude>
    <ClInclude Include="src\GUI\Interface\DumpFrame.h">
      <Filter>Header Files</Filter>
    </ClInclude>
    <ClInclude Include="src\GUI\Interface\UsageFrame.h">
      <Filter>Header Files</Filter>
    </ClInclude>
    <ClInclude Include="src\GUI\Interface\LinkedTextCtrl.h">
      <Filter>Header Files</Filter>
    </ClInclude>
    <ClInclude Include="src\GUI\Interface\KetMapDialog.h">
      <Filter>Header Files</Filter>
    </ClInclude>
    <ClInclude Include="src\GUI\Interface\SortedListCtrl.h">
      <Filter>Header Files</Filter>
    </ClInclude>
    <ClInclude Include="src\GUI\Interface\SelectFromListDialog.h">
      <Filter>Header Files</Filter>
    </ClInclude>
    <ClInclude Include="src\GUI\Interface\ResultCanvas.h">
      <Filter>Header Files</Filter>
    </ClInclude>
    <ClInclude Include="src\GUI\Interface\CommandPanel.h">
      <Filter>Header Files</Filter>
    </ClInclude>
    <ClInclude Include="src\GUI\Interface\PrimaryFrame.h">
      <Filter>Header Files</Filter>
    </ClInclude>
    <ClInclude Include="src\GUI\Interface\FilteredDumpFrame.h">
      <Filter>Header Files</Filter>
    </ClInclude>
    <ClInclude Include="src\core\Function\NaturalSort.h">
      <Filter>Header Files</Filter>
    </ClInclude>
    <ClInclude Include="src\core\CompoundConstant\CompoundConstant.h">
      <Filter>Header Files</Filter>
    </ClInclude>
    <ClInclude Include="src\core\CompoundConstant\ConstantFloat.h">
      <Filter>Header Files</Filter>
    </ClInclude>
    <ClInclude Include="src\core\CompoundConstant\ConstantInteger.h">
      <Filter>Header Files</Filter>
    </ClInclude>
    <ClInclude Include="src\core\CompoundConstant\ConstantOperator.h">
      <Filter>Header Files</Filter>
    </ClInclude>
    <ClInclude Include="src\core\CompoundConstant\ConstantString.h">
      <Filter>Header Files</Filter>
    </ClInclude>
    <ClInclude Include="src\core\Context\BoundFunction.h">
      <Filter>Header Files</Filter>
    </ClInclude>
    <ClInclude Include="src\core\Context\ContextList.h">
      <Filter>Header Files</Filter>
    </ClInclude>
    <ClInclude Include="src\core\Context\Frame.h">
      <Filter>Header Files</Filter>
    </ClInclude>
    <ClInclude Include="src\core\Context\NewContext.h">
      <Filter>Header Files</Filter>
    </ClInclude>
    <ClInclude Include="src\core\Operator\BaseOperator.h">
      <Filter>Header Files</Filter>
    </ClInclude>
    <ClInclude Include="src\core\Operator\SimpleOperator.h">
      <Filter>Header Files</Filter>
    </ClInclude>
    <ClInclude Include="src\core\Operator\NumericOperator.h">
      <Filter>Header Files</Filter>
    </ClInclude>
    <ClInclude Include="src\core\Sequence\BaseSequence.h">
      <Filter>Header Files</Filter>
    </ClInclude>
    <ClInclude Include="src\core\Sequence\Ket.h">
      <Filter>Header Files</Filter>
    </ClInclude>
    <ClInclude Include="src\core\Sequence\Superposition.h">
      <Filter>Header Files</Filter>
    </ClInclude>
    <ClInclude Include="src\core\Sequence\SuperpositionIter.h">
      <Filter>Header Files</Filter>
    </ClInclude>
    <ClInclude Include="src\core\Sequence\Sequence.h">
      <Filter>Header Files</Filter>
    </ClInclude>
    <ClInclude Include="src\core\Sequence\SelfKet.h">
      <Filter>Header Files</Filter>
    </ClInclude>
    <ClInclude Include="src\core\Sequence\OperatorWithSequence.h">
      <Filter>Header Files</Filter>
    </ClInclude>
    <ClInclude Include="src\core\Sequence\LearnRule.h">
      <Filter>Header Files</Filter>
    </ClInclude>
    <ClInclude Include="src\core\Sequence\MultiSelfKet.h">
      <Filter>Header Files</Filter>
    </ClInclude>
    <ClInclude Include="src\core\Sequence\MultiLearnRule.h">
      <Filter>Header Files</Filter>
    </ClInclude>
    <ClInclude Include="src\core\Operator\OperatorSequence.h">
      <Filter>Header Files</Filter>
    </ClInclude>
    <ClInclude Include="src\core\Operator\EmptyOperator.h">
      <Filter>Header Files</Filter>
    </ClInclude>
    <ClInclude Include="src\core\Operator\PoweredOperator.h">
      <Filter>Header Files</Filter>
    </ClInclude>
    <ClInclude Include="src\core\Operator\CompoundOperator.h">
      <Filter>Header Files</Filter>
    </ClInclude>
    <ClInclude Include="src\core\Operator\BracketOperator.h">
      <Filter>Header Files</Filter>
    </ClInclude>
    <ClInclude Include="src\core\Operator\FunctionOperator.h">
      <Filter>Header Files</Filter>
    </ClInclude>
    <ClInclude Include="src\core\Sequence\ForStatement.h">
      <Filter>Header Files</Filter>
    </ClInclude>
    <ClInclude Include="src\core\Sequence\IfElseStatement.h">
      <Filter>Header Files</Filter>
    </ClInclude>
    <ClInclude Include="src\core\Sequence\WhileStatement.h">
      <Filter>Header Files</Filter>
    </ClInclude>
    <ClInclude Include="src\core\OperatorLibrary\SigmoidLibrary.h">
      <Filter>Header Files</Filter>
    </ClInclude>
    <ClInclude Include="src\core\OperatorLibrary\OperatorLibrary.h">
      <Filter>Header Files</Filter>
    </ClInclude>
    <ClInclude Include="src\core\OperatorLibrary\FunctionOperatorLibrary.h">
      <Filter>Header Files</Filter>
    </ClInclude>
    <ClInclude Include="src\core\Parser\Driver.h">
      <Filter>Header Files</Filter>
    </ClInclude>
    <ClInclude Include="src\core\Parser\Scanner.h">
      <Filter>Header Files</Filter>
    </ClInclude>
    <ClInclude Include="src\core\Parser\Parser.tab.h">
      <Filter>Header Files</Filter>
    </ClInclude>
    <ClInclude Include="src\GUI\Interface\GeneralOperatorsFrame.h">
      <Filter>Header Files</Filter>
    </ClInclude>
    <ClInclude Include="src\GUI\Interface\ResetContextDialog.h">
      <Filter>Header Files</Filter>
    </ClInclude>
    <ClInclude Include="src\GUI\Interface\SelectFromKetDialog.h">
      <Filter>Header Files</Filter>
    </ClInclude>
    <ClInclude Include="src\GUI\Interface\SelectFromLiteralOpDialog.h">
      <Filter>Header Files</Filter>
    </ClInclude>
    <ClInclude Include="src\GUI\Interface\EditPanel.h">
      <Filter>Header Files</Filter>
    </ClInclude>
    <ClInclude Include="src\GUI\Interface\OutputFrame.h">
      <Filter>Header Files</Filter>
    </ClInclude>
    <ClInclude Include="src\GUI\Interface\CreateNewFileDialog.h">
      <Filter>Header Files</Filter>
    </ClInclude>
    <ClInclude Include="src\GUI\Associated\ActiveTableDialog.h">
      <Filter>Header Files</Filter>
    </ClInclude>
    <ClInclude Include="src\GUI\Associated\TableDialog.h">
      <Filter>Header Files</Filter>
    </ClInclude>
    <ClInclude Include="src\GUI\Associated\IfThenMachineDialog.h">
      <Filter>Header Files</Filter>
    </ClInclude>
    <ClInclude Include="src\GUI\Associated\IfThenOperatorDialog.h">
      <Filter>Header Files</Filter>
    </ClInclude>
    <ClInclude Include="src\GUI\Associated\SearchForOperatorDialog.h">
      <Filter>Header Files</Filter>
    </ClInclude>
    <ClInclude Include="src\GUI\Associated\SearchResultsDialog.h">
      <Filter>Header Files</Filter>
    </ClInclude>
    <ClInclude Include="src\GUI\Associated\GenerateDocsDialog.h">
      <Filter>Header Files</Filter>
    </ClInclude>
    <ClInclude Include="src\GUI\Associated\GenerateDocs.h">
      <Filter>Header Files</Filter>
    </ClInclude>
    <ClInclude Include="src\GUI\Associated\GenerateDocs2.h">
      <Filter>Header Files</Filter>
    </ClInclude>
    <ClInclude Include="src\core\OperatorLibrary\TMOperatorLibrary.h">
      <Filter>Header Files</Filter>
    </ClInclude>
    <ClInclude Include="src\GUI\OperatorLibrary\GUIOperatorLibrary.h">
      <Filter>Header Files</Filter>
    </ClInclude>
    <ClInclude Include="src\GUI\OperatorLibrary\PopulateGUIOperators.h">
      <Filter>Header Files</Filter>
    </ClInclude>
    <ClInclude Include="src\core\SDB_core.h">
      <Filter>Header Files</Filter>
    </ClInclude>
    <ClInclude Include="src\GUI\Interface\ImageViewer.h">
      <Filter>Header Files</Filter>
    </ClInclude>
    <ClInclude Include="src\GUI\Interface\ImageFrame.h">
      <Filter>Header Files</Filter>
    </ClInclude>
    <ClInclude Include="src\GUI\Interface\LexerTextCtrl.h">
      <Filter>Header Files</Filter>
    </ClInclude>
    <ClInclude Include="src\GUI\LexerColorMap\LexerColorMap.h">
      <Filter>Header Files</Filter>
    </ClInclude>
  </ItemGroup>
  <ItemGroup>
    <ClCompile Include="src\GUI\SDB_GUI.cpp">
      <Filter>Source Files</Filter>
    </ClCompile>
    <ClCompile Include="src\core\KetMap\KetMap.cpp">
      <Filter>Source Files</Filter>
    </ClCompile>
    <ClCompile Include="src\core\FunctionOperatorMap\FunctionOperatorMap.cpp">
      <Filter>Source Files</Filter>
    </ClCompile>
    <ClCompile Include="src\core\OperatorUsageMap\OperatorUsageMap.cpp">
      <Filter>Source Files</Filter>
    </ClCompile>
    <ClCompile Include="src\core\Function\SplitJoin.cpp">
      <Filter>Source Files</Filter>
    </ClCompile>
    <ClCompile Include="src\core\Function\Timer.cpp">
      <Filter>Source Files</Filter>
    </ClCompile>
    <ClCompile Include="src\core\Function\misc.cpp">
      <Filter>Source Files</Filter>
    </ClCompile>
    <ClCompile Include="src\GUI\Interface\AppAbout.cpp">
      <Filter>Source Files</Filter>
    </ClCompile>
    <ClCompile Include="src\GUI\Interface\DumpFrame.cpp">
      <Filter>Source Files</Filter>
    </ClCompile>
    <ClCompile Include="src\GUI\Interface\UsageFrame.cpp">
      <Filter>Source Files</Filter>
    </ClCompile>
    <ClCompile Include="src\GUI\Interface\LinkedTextCtrl.cpp">
      <Filter>Source Files</Filter>
    </ClCompile>
    <ClCompile Include="src\GUI\Interface\KetMapDialog.cpp">
      <Filter>Source Files</Filter>
    </ClCompile>
    <ClCompile Include="src\GUI\Interface\SortedListCtrl.cpp">
      <Filter>Source Files</Filter>
    </ClCompile>
    <ClCompile Include="src\GUI\Interface\SelectFromListDialog.cpp">
      <Filter>Source Files</Filter>
    </ClCompile>
    <ClCompile Include="src\GUI\Interface\ResultCanvas.cpp">
      <Filter>Source Files</Filter>
    </ClCompile>
    <ClCompile Include="src\GUI\Interface\CommandPanel.cpp">
      <Filter>Source Files</Filter>
    </ClCompile>
    <ClCompile Include="src\GUI\Interface\PrimaryFrame.cpp">
      <Filter>Source Files</Filter>
    </ClCompile>
    <ClCompile Include="src\GUI\Interface\FilteredDumpFrame.cpp">
      <Filter>Source Files</Filter>
    </ClCompile>
    <ClCompile Include="src\core\CompoundConstant\CompoundConstant.cpp">
      <Filter>Source Files</Filter>
    </ClCompile>
    <ClCompile Include="src\core\CompoundConstant\ConstantFloat.cpp">
      <Filter>Source Files</Filter>
    </ClCompile>
    <ClCompile Include="src\core\CompoundConstant\ConstantInteger.cpp">
      <Filter>Source Files</Filter>
    </ClCompile>
    <ClCompile Include="src\core\CompoundConstant\ConstantOperator.cpp">
      <Filter>Source Files</Filter>
    </ClCompile>
    <ClCompile Include="src\core\CompoundConstant\ConstantString.cpp">
      <Filter>Source Files</Filter>
    </ClCompile>
    <ClCompile Include="src\core\Context\BoundFunction.cpp">
      <Filter>Source Files</Filter>
    </ClCompile>
    <ClCompile Include="src\core\Context\ContextList.cpp">
      <Filter>Source Files</Filter>
    </ClCompile>
    <ClCompile Include="src\core\Context\Frame.cpp">
      <Filter>Source Files</Filter>
    </ClCompile>
    <ClCompile Include="src\core\Context\NewContext.cpp">
      <Filter>Source Files</Filter>
    </ClCompile>
    <ClCompile Include="src\core\Operator\SimpleOperator.cpp">
      <Filter>Source Files</Filter>
    </ClCompile>
    <ClCompile Include="src\core\Operator\NumericOperator.cpp">
      <Filter>Source Files</Filter>
    </ClCompile>
    <ClCompile Include="src\core\Sequence\Ket.cpp">
      <Filter>Source Files</Filter>
    </ClCompile>
    <ClCompile Include="src\core\Sequence\Superposition.cpp">
      <Filter>Source Files</Filter>
    </ClCompile>
    <ClCompile Include="src\core\Sequence\SuperpositionIter.cpp">
      <Filter>Source Files</Filter>
    </ClCompile>
    <ClCompile Include="src\core\Sequence\Sequence.cpp">
      <Filter>Source Files</Filter>
    </ClCompile>
    <ClCompile Include="src\core\Sequence\SelfKet.cpp">
      <Filter>Source Files</Filter>
    </ClCompile>
    <ClCompile Include="src\core\Sequence\OperatorWithSequence.cpp">
      <Filter>Source Files</Filter>
    </ClCompile>
    <ClCompile Include="src\core\Sequence\LearnRule.cpp">
      <Filter>Source Files</Filter>
    </ClCompile>
    <ClCompile Include="src\core\Sequence\MultiSelfKet.cpp">
      <Filter>Source Files</Filter>
    </ClCompile>
    <ClCompile Include="src\core\Sequence\MultiLearnRule.cpp">
      <Filter>Source Files</Filter>
    </ClCompile>
    <ClCompile Include="src\core\Operator\OperatorSequence.cpp">
      <Filter>Source Files</Filter>
    </ClCompile>
    <ClCompile Include="src\core\Operator\PoweredOperator.cpp">
      <Filter>Source Files</Filter>
    </ClCompile>
    <ClCompile Include="src\core\Operator\CompoundOperator.cpp">
      <Filter>Source Files</Filter>
    </ClCompile>
    <ClCompile Include="src\core\Operator\BracketOperator.cpp">
      <Filter>Source Files</Filter>
    </ClCompile>
    <ClCompile Include="src\core\Operator\FunctionOperator.cpp">
      <Filter>Source Files</Filter>
    </ClCompile>
    <ClCompile Include="src\core\Sequence\ForStatement.cpp">
      <Filter>Source Files</Filter>
    </ClCompile>
    <ClCompile Include="src\core\Sequence\IfElseStatement.cpp">
      <Filter>Source Files</Filter>
    </ClCompile>
    <ClCompile Include="src\core\Sequence\WhileStatement.cpp">
      <Filter>Source Files</Filter>
    </ClCompile>
    <ClCompile Include="src\core\OperatorLibrary\SigmoidLibrary.cpp">
      <Filter>Source Files</Filter>
    </ClCompile>
    <ClCompile Include="src\core\OperatorLibrary\OperatorLibrary.cpp">
      <Filter>Source Files</Filter>
    </ClCompile>
    <ClCompile Include="src\core\OperatorLibrary\FunctionOperatorLibrary.cpp">
      <Filter>Source Files</Filter>
    </ClCompile>
    <ClCompile Include="src\core\Parser\Driver.cpp">
      <Filter>Source Files</Filter>
    </ClCompile>
    <ClCompile Include="src\core\Parser\Parser.tab.cpp">
      <Filter>Source Files</Filter>
    </ClCompile>
    <ClCompile Include="src\core\Parser\Scanner.flex.cpp">
      <Filter>Source Files</Filter>
    </ClCompile>
    <ClCompile Include="src\GUI\Interface\GeneralOperatorsFrame.cpp">
      <Filter>Source Files</Filter>
    </ClCompile>
    <ClCompile Include="src\GUI\Interface\ResetContextDialog.cpp">
      <Filter>Source Files</Filter>
    </ClCompile>
    <ClCompile Include="src\GUI\Interface\SelectFromKetDialog.cpp">
      <Filter>Source Files</Filter>
    </ClCompile>
    <ClCompile Include="src\GUI\Interface\SelectFromLiteralOpDialog.cpp">
      <Filter>Source Files</Filter>
    </ClCompile>
    <ClCompile Include="src\GUI\Interface\EditPanel.cpp">
      <Filter>Source Files</Filter>
    </ClCompile>
    <ClCompile Include="src\GUI\Interface\OutputFrame.cpp">
      <Filter>Source Files</Filter>
    </ClCompile>
    <ClCompile Include="src\GUI\Interface\CreateNewFileDialog.cpp">
      <Filter>Source Files</Filter>
    </ClCompile>
    <ClCompile Include="src\GUI\Associated\ActiveTableDialog.cpp">
      <Filter>Source Files</Filter>
    </ClCompile>
    <ClCompile Include="src\GUI\Associated\TableDialog.cpp">
      <Filter>Source Files</Filter>
    </ClCompile>
    <ClCompile Include="src\GUI\Associated\IfThenMachineDialog.cpp">
      <Filter>Source Files</Filter>
    </ClCompile>
    <ClCompile Include="src\GUI\Associated\IfThenOperatorDialog.cpp">
      <Filter>Source Files</Filter>
    </ClCompile>
    <ClCompile Include="src\GUI\Associated\SearchForOperatorDialog.cpp">
      <Filter>Source Files</Filter>
    </ClCompile>
    <ClCompile Include="src\GUI\Associated\SearchResultsDialog.cpp">
      <Filter>Source Files</Filter>
    </ClCompile>
    <ClCompile Include="src\GUI\Associated\GenerateDocsDialog.cpp">
      <Filter>Source Files</Filter>
    </ClCompile>
    <ClCompile Include="src\GUI\Associated\GenerateDocs.cpp">
      <Filter>Source Files</Filter>
    </ClCompile>
    <ClCompile Include="src\GUI\Associated\GenerateDocs2.cpp">
      <Filter>Source Files</Filter>
    </ClCompile>
    <ClCompile Include="src\core\OperatorLibrary\TMOperatorLibrary.cpp">
      <Filter>Source Files</Filter>
    </ClCompile>
    <ClCompile Include="src\GUI\OperatorLibrary\GUIOperatorLibrary.cpp">
      <Filter>Source Files</Filter>
    </ClCompile>
    <ClCompile Include="src\GUI\OperatorLibrary\PopulateGUIOperators.cpp">
      <Filter>Source Files</Filter>
    </ClCompile>
    <ClCompile Include="src\GUI\Interface\ImageViewer.cpp">
      <Filter>Source Files</Filter>
    </ClCompile>
    <ClCompile Include="src\GUI\Interface\ImageFrame.cpp">
      <Filter>Source Files</Filter>
    </ClCompile>
    <ClCompile Include="src\GUI\Interface\LexerTextCtrl.cpp">
      <Filter>Source Files</Filter>
    </ClCompile>
    <ClCompile Include="src\GUI\LexerColorMap\LexerColorMap.cpp">
      <Filter>Source Files</Filter>
    </ClCompile>
  </ItemGroup>
  <ItemGroup>
    <Bison Include="src\core\Parser\Parser.y" />
  </ItemGroup>
  <ItemGroup>
    <Flex Include="src\core\Parser\Scanner.l" />
  </ItemGroup>
</Project>